lockfileVersion: '6.0'

settings:
  autoInstallPeers: true
  excludeLinksFromLockfile: false

dependencies:
  dotenv:
    specifier: ^16.3.1
    version: 16.3.1

devDependencies:
  '@playwright/test':
    specifier: ^1.36.2
    version: 1.36.2

packages:

  /@playwright/test@1.36.2:
    resolution: {integrity: sha512-2rVZeyPRjxfPH6J0oGJqE8YxiM1IBRyM8hyrXYK7eSiAqmbNhxwcLa7dZ7fy9Kj26V7FYia5fh9XJRq4Dqme+g==}
    engines: {node: '>=16'}
    hasBin: true
    dependencies:
      '@types/node': 20.4.7
      playwright-core: 1.36.2
    optionalDependencies:
      fsevents: 2.3.2
    dev: true

  /@types/node@20.4.7:
    resolution: {integrity: sha512-bUBrPjEry2QUTsnuEjzjbS7voGWCc30W0qzgMf90GPeDGFRakvrz47ju+oqDAKCXLUCe39u57/ORMl/O/04/9g==}
    dev: true

  /dotenv@16.3.1:
    resolution: {integrity: sha512-IPzF4w4/Rd94bA9imS68tZBaYyBWSCE47V1RGuMrB94iyTOIEwRmVL2x/4An+6mETpLrKJ5hQkB8W4kFAadeIQ==}
    engines: {node: '>=12'}
    dev: false

  /fsevents@2.3.2:
    resolution: {integrity: sha512-xiqMQR4xAeHTuB9uWm+fFRcIOgKBMiOBP+eXiyT7jsgVCq1bkVygt00oASowB7EdtpOHaaPgKt812P9ab+DDKA==}
    engines: {node: ^8.16.0 || ^10.6.0 || >=11.0.0}
    os: [darwin]
    requiresBuild: true
    dev: true
    optional: true

  /playwright-core@1.36.2:
    resolution: {integrity: sha512-sQYZt31dwkqxOrP7xy2ggDfEzUxM1lodjhsQ3NMMv5uGTRDsLxU0e4xf4wwMkF2gplIxf17QMBCodSFgm6bFVQ==}
    engines: {node: '>=16'}
    hasBin: true
    dev: true
